
Microsoft Visual Studio Solution File, Format Version 12.00
# Visual Studio Version 17
VisualStudioVersion = 17.3.32929.385
MinimumVisualStudioVersion = 10.0.40219.1
Project("{FAE04EC0-301F-11D3-BF4B-00C04F79EFBC}") = "Calculator", "Calculator\Calculator.csproj", "{C856DC93-568C-4784-9DDD-8400F07158A7}"
EndProject
Project("{FAE04EC0-301F-11D3-BF4B-00C04F79EFBC}") = "Calcualtor.Tests", "Calcualtor.Tests\Calcualtor.Tests.csproj", "{6CF78556-B891-47C7-BA90-CCFAAD4C0B6B}"
EndProject
Global
	GlobalSection(SolutionConfigurationPlatforms) = preSolution
		Debug|Any CPU = Debug|Any CPU
		Release|Any CPU = Release|Any CPU
	EndGlobalSection
	GlobalSection(ProjectConfigurationPlatforms) = postSolution
		{C856DC93-568C-4784-9DDD-8400F07158A7}.Debug|Any CPU.ActiveCfg = Debug|Any CPU
		{C856DC93-568C-4784-9DDD-8400F07158A7}.Debug|Any CPU.Build.0 = Debug|Any CPU
		{C856DC93-568C-4784-9DDD-8400F07158A7}.Release|Any CPU.ActiveCfg = Release|Any CPU
		{C856DC93-568C-4784-9DDD-8400F07158A7}.Release|Any CPU.Build.0 = Release|Any CPU
		{6CF78556-B891-47C7-BA90-CCFAAD4C0B6B}.Debug|Any CPU.ActiveCfg = Debug|Any CPU
		{6CF78556-B891-47C7-BA90-CCFAAD4C0B6B}.Debug|Any CPU.Build.0 = Debug|Any CPU
		{6CF78556-B891-47C7-BA90-CCFAAD4C0B6B}.Release|Any CPU.ActiveCfg = Release|Any CPU
		{6CF78556-B891-47C7-BA90-CCFAAD4C0B6B}.Release|Any CPU.Build.0 = Release|Any CPU
	EndGlobalSection
	GlobalSection(SolutionProperties) = preSolution
		HideSolutionNode = FALSE
	EndGlobalSection
	GlobalSection(ExtensibilityGlobals) = postSolution
		SolutionGuid = {A6A6A5E6-BBDA-4533-9C37-243ABFD9DB47}
	EndGlobalSection
EndGlobal
